
Microsoft Visual Studio Solution File, Format Version 12.00
# Visual Studio Version 16
VisualStudioVersion = 16.0.29926.136
MinimumVisualStudioVersion = 10.0.40219.1
Project("{9A19103F-16F7-4668-BE54-9A1E7A4F7556}") = "_2PAC.WebApp", "_2PAC.WebApp\_2PAC.WebApp.csproj", "{FF9C3E49-642E-47D6-B3A5-161CD9494858}"
EndProject
Project("{9A19103F-16F7-4668-BE54-9A1E7A4F7556}") = "_2PAC.Tests", "_2PAC.Tests\_2PAC.Tests.csproj", "{B6448D47-E2C0-4889-9587-B04E2493CC8A}"
EndProject
Project("{9A19103F-16F7-4668-BE54-9A1E7A4F7556}") = "_2PAC.Domain", "_2PAC.Domain\_2PAC.Domain.csproj", "{C52BE354-A5A2-4772-87AE-6BF859001A2B}"
EndProject
Project("{9A19103F-16F7-4668-BE54-9A1E7A4F7556}") = "_2PAC.DataAccess", "_2PAC.DataAccess\_2PAC.DataAccess.csproj", "{477D4134-D7BA-46DD-9164-50FDD6A3EEB9}"
EndProject
Global
	GlobalSection(SolutionConfigurationPlatforms) = preSolution
		Debug|Any CPU = Debug|Any CPU
		Release|Any CPU = Release|Any CPU
	EndGlobalSection
	GlobalSection(ProjectConfigurationPlatforms) = postSolution
		{FF9C3E49-642E-47D6-B3A5-161CD9494858}.Debug|Any CPU.ActiveCfg = Debug|Any CPU
		{FF9C3E49-642E-47D6-B3A5-161CD9494858}.Debug|Any CPU.Build.0 = Debug|Any CPU
		{FF9C3E49-642E-47D6-B3A5-161CD9494858}.Release|Any CPU.ActiveCfg = Release|Any CPU
		{FF9C3E49-642E-47D6-B3A5-161CD9494858}.Release|Any CPU.Build.0 = Release|Any CPU
		{B6448D47-E2C0-4889-9587-B04E2493CC8A}.Debug|Any CPU.ActiveCfg = Debug|Any CPU
		{B6448D47-E2C0-4889-9587-B04E2493CC8A}.Debug|Any CPU.Build.0 = Debug|Any CPU
		{B6448D47-E2C0-4889-9587-B04E2493CC8A}.Release|Any CPU.ActiveCfg = Release|Any CPU
		{B6448D47-E2C0-4889-9587-B04E2493CC8A}.Release|Any CPU.Build.0 = Release|Any CPU
		{C52BE354-A5A2-4772-87AE-6BF859001A2B}.Debug|Any CPU.ActiveCfg = Debug|Any CPU
		{C52BE354-A5A2-4772-87AE-6BF859001A2B}.Debug|Any CPU.Build.0 = Debug|Any CPU
		{C52BE354-A5A2-4772-87AE-6BF859001A2B}.Release|Any CPU.ActiveCfg = Release|Any CPU
		{C52BE354-A5A2-4772-87AE-6BF859001A2B}.Release|Any CPU.Build.0 = Release|Any CPU
		{477D4134-D7BA-46DD-9164-50FDD6A3EEB9}.Debug|Any CPU.ActiveCfg = Debug|Any CPU
		{477D4134-D7BA-46DD-9164-50FDD6A3EEB9}.Debug|Any CPU.Build.0 = Debug|Any CPU
		{477D4134-D7BA-46DD-9164-50FDD6A3EEB9}.Release|Any CPU.ActiveCfg = Release|Any CPU
		{477D4134-D7BA-46DD-9164-50FDD6A3EEB9}.Release|Any CPU.Build.0 = Release|Any CPU
	EndGlobalSection
	GlobalSection(SolutionProperties) = preSolution
		HideSolutionNode = FALSE
	EndGlobalSection
	GlobalSection(ExtensibilityGlobals) = postSolution
		SolutionGuid = {EE1EC055-CEB3-4C35-B909-0EA4F1433441}
	EndGlobalSection
EndGlobal
